// !$*UTF8*$!
{
	archiveVersion = 1;
	classes = {
	};
	objectVersion = 48;
	objects = {

/* Begin PBXBuildFile section */
		3B0709A71FD6B15200941683 /* Daten.swift in Sources */ = {isa = PBXBuildFile; fileRef = 3B0709A61FD6B15200941683 /* Daten.swift */; };
		3BD946591FD5BF6800AF4308 /* AppDelegate.swift in Sources */ = {isa = PBXBuildFile; fileRef = 3BD946581FD5BF6800AF4308 /* AppDelegate.swift */; };
		3BD9465B1FD5BF6800AF4308 /* myMainVC.swift in Sources */ = {isa = PBXBuildFile; fileRef = 3BD9465A1FD5BF6800AF4308 /* myMainVC.swift */; };
		3BD9465E1FD5BF6800AF4308 /* Main.storyboard in Resources */ = {isa = PBXBuildFile; fileRef = 3BD9465C1FD5BF6800AF4308 /* Main.storyboard */; };
		3BD946601FD5BF6800AF4308 /* Assets.xcassets in Resources */ = {isa = PBXBuildFile; fileRef = 3BD9465F1FD5BF6800AF4308 /* Assets.xcassets */; };
		3BD946631FD5BF6800AF4308 /* LaunchScreen.storyboard in Resources */ = {isa = PBXBuildFile; fileRef = 3BD946611FD5BF6800AF4308 /* LaunchScreen.storyboard */; };
		3BD9466B1FD5C3DA00AF4308 /* myCollectionViewCell.swift in Sources */ = {isa = PBXBuildFile; fileRef = 3BD9466A1FD5C3DA00AF4308 /* myCollectionViewCell.swift */; };
/* End PBXBuildFile section */

/* Begin PBXFileReference section */
		3B0709A61FD6B15200941683 /* Daten.swift */ = {isa = PBXFileReference; lastKnownFileType = sourcecode.swift; path = Daten.swift; sourceTree = "<group>"; };
		3BD946551FD5BF6800AF4308 /* CollectionView-171204.app */ = {isa = PBXFileReference; explicitFileType = wrapper.application; includeInIndex = 0; path = "CollectionView-171204.app"; sourceTree = BUILT_PRODUCTS_DIR; };
		3BD946581FD5BF6800AF4308 /* AppDelegate.swift */ = {isa = PBXFileReference; lastKnownFileType = sourcecode.swift; path = AppDelegate.swift; sourceTree = "<group>"; };
		3BD9465A1FD5BF6800AF4308 /* myMainVC.swift */ = {isa = PBXFileReference; lastKnownFileType = sourcecode.swift; path = myMainVC.swift; sourceTree = "<group>"; };
		3BD9465D1FD5BF6800AF4308 /* Base */ = {isa = PBXFileReference; lastKnownFileType = file.storyboard; name = Base; path = Base.lproj/Main.storyboard; sourceTree = "<group>"; };
		3BD9465F1FD5BF6800AF4308 /* Assets.xcassets */ = {isa = PBXFileReference; lastKnownFileType = folder.assetcatalog; path = Assets.xcassets; sourceTree = "<group>"; };
		3BD946621FD5BF6800AF4308 /* Base */ = {isa = PBXFileReference; lastKnownFileType = file.storyboard; name = Base; path = Base.lproj/LaunchScreen.storyboard; sourceTree = "<group>"; };
		3BD946641FD5BF6800AF4308 /* Info.plist */ = {isa = PBXFileReference; lastKnownFileType = text.plist.xml; path = Info.plist; sourceTree = "<group>"; };
		3BD9466A1FD5C3DA00AF4308 /* myCollectionViewCell.swift */ = {isa = PBXFileReference; lastKnownFileType = sourcecode.swift; path = myCollectionViewCell.swift; sourceTree = "<group>"; };
/* End PBXFileReference section */

/* Begin PBXFrameworksBuildPhase section */
		3BD946521FD5BF6800AF4308 /* Frameworks */ = {
			isa = PBXFrameworksBuildPhase;
			buildActionMask = 2147483647;
			files = (
			);
			runOnlyForDeploymentPostprocessing = 0;
		};
/* End PBXFrameworksBuildPhase section */

/* Begin PBXGroup section */
		3BD9464C1FD5BF6800AF4308 = {
			isa = PBXGroup;
			children = (
				3BD946571FD5BF6800AF4308 /* CollectionView-171204 */,
				3BD946561FD5BF6800AF4308 /* Products */,
			);
			sourceTree = "<group>";
		};
		3BD946561FD5BF6800AF4308 /* Products */ = {
			isa = PBXGroup;
			children = (
				3BD946551FD5BF6800AF4308 /* CollectionView-171204.app */,
			);
			name = Products;
			sourceTree = "<group>";
		};
		3BD946571FD5BF6800AF4308 /* CollectionView-171204 */ = {
			isa = PBXGroup;
			children = (
				3BD946581FD5BF6800AF4308 /* AppDelegate.swift */,
				3BD9465C1FD5BF6800AF4308 /* Main.storyboard */,
				3BD9465A1FD5BF6800AF4308 /* myMainVC.swift */,
				3B0709A61FD6B15200941683 /* Daten.swift */,
				3BD9466A1FD5C3DA00AF4308 /* myCollectionViewCell.swift */,
				3BD9465F1FD5BF6800AF4308 /* Assets.xcassets */,
				3BD946611FD5BF6800AF4308 /* LaunchScreen.storyboard */,
				3BD946641FD5BF6800AF4308 /* Info.plist */,
			);
			path = "CollectionView-171204";
			sourceTree = "<group>";
		};
/* End PBXGroup section */

/* Begin PBXNativeTarget section */
		3BD946541FD5BF6800AF4308 /* CollectionView-171204 */ = {
			isa = PBXNativeTarget;
			buildConfigurationList = 3BD946671FD5BF6800AF4308 /* Build configuration list for PBXNativeTarget "CollectionView-171204" */;
			buildPhases = (
				3BD946511FD5BF6800AF4308 /* Sources */,
				3BD946521FD5BF6800AF4308 /* Frameworks */,
				3BD946531FD5BF6800AF4308 /* Resources */,
			);
			buildRules = (
			);
			dependencies = (
			);
			name = "CollectionView-171204";
			productName = "CollectionView-171204";
			productReference = 3BD946551FD5BF6800AF4308 /* CollectionView-171204.app */;
			productType = "com.apple.product-type.application";
		};
/* End PBXNativeTarget section */

/* Begin PBXProject section */
		3BD9464D1FD5BF6800AF4308 /* Project object */ = {
			isa = PBXProject;
			attributes = {
				LastSwiftUpdateCheck = 0920;
				LastUpgradeCheck = 0920;
				ORGANIZATIONNAME = "Joachim Vetter";
				TargetAttributes = {
					3BD946541FD5BF6800AF4308 = {
						CreatedOnToolsVersion = 9.2;
						ProvisioningStyle = Automatic;
					};
				};
			};
			buildConfigurationList = 3BD946501FD5BF6800AF4308 /* Build configuration list for PBXProject "CollectionView-171204" */;
			compatibilityVersion = "Xcode 8.0";
			developmentRegion = en;
			hasScannedForEncodings = 0;
			knownRegions = (
				en,
				Base,
			);
			mainGroup = 3BD9464C1FD5BF6800AF4308;
			productRefGroup = 3BD946561FD5BF6800AF4308 /* Products */;
			projectDirPath = "";
			projectRoot = "";
			targets = (
				3BD946541FD5BF6800AF4308 /* CollectionView-171204 */,
			);
		};
/* End PBXProject section */

/* Begin PBXResourcesBuildPhase section */
		3BD946531FD5BF6800AF4308 /* Resources */ = {
			isa = PBXResourcesBuildPhase;
			buildActionMask = 2147483647;
			files = (
				3BD946631FD5BF6800AF4308 /* LaunchScreen.storyboard in Resources */,
				3BD946601FD5BF6800AF4308 /* Assets.xcassets in Resources */,
				3BD9465E1FD5BF6800AF4308 /* Main.storyboard in Resources */,
			);
			runOnlyForDeploymentPostprocessing = 0;
		};
/* End PBXResourcesBuildPhase section */

/* Begin PBXSourcesBuildPhase section */
		3BD946511FD5BF6800AF4308 /* Sources */ = {
			isa = PBXSourcesBuildPhase;
			buildActionMask = 2147483647;
			files = (
				3BD9466B1FD5C3DA00AF4308 /* myCollectionViewCell.swift in Sources */,
				3BD9465B1FD5BF6800AF4308 /* myMainVC.swift in Sources */,
				3B0709A71FD6B15200941683 /* Daten.swift in Sources */,
				3BD946591FD5BF6800AF4308 /* AppDelegate.swift in Sources */,
			);
			runOnlyForDeploymentPostprocessing = 0;
		};
/* End PBXSourcesBuildPhase section */

/* Begin PBXVariantGroup section */
		3BD9465C1FD5BF6800AF4308 /* Main.storyboard */ = {
			isa = PBXVariantGroup;
			children = (
				3BD9465D1FD5BF6800AF4308 /* Base */,
			);
			name = Main.storyboard;
			sourceTree = "<group>";
		};
		3BD946611FD5BF6800AF4308 /* LaunchScreen.storyboard */ = {
			isa = PBXVariantGroup;
			children = (
				3BD946621FD5BF6800AF4308 /* Base */,
			);
			name = LaunchScreen.storyboard;
			sourceTree = "<group>";
		};
/* End PBXVariantGroup section */

/* Begin XCBuildConfiguration section */
		3BD946651FD5BF6800AF4308 /* Debug */ = {
			isa = XCBuildConfiguration;
			buildSettings = {
				ALWAYS_SEARCH_USER_PATHS = NO;
				CLANG_ANALYZER_NONNULL = YES;
				CLANG_ANALYZER_NUMBER_OBJECT_CONVERSION = YES_AGGRESSIVE;
				CLANG_CXX_LANGUAGE_STANDARD = "gnu++14";
				CLANG_CXX_LIBRARY = "libc++";
				CLANG_ENABLE_MODULES = YES;
				CLANG_ENABLE_OBJC_ARC = YES;
				CLANG_WARN_BLOCK_CAPTURE_AUTORELEASING = YES;
				CLANG_WARN_BOOL_CONVERSION = YES;
				CLANG_WARN_COMMA = YES;
				CLANG_WARN_CONSTANT_CONVERSION = YES;
				CLANG_WARN_DIRECT_OBJC_ISA_USAGE = YES_ERROR;
				CLANG_WARN_DOCUMENTATION_COMMENTS = YES;
				CLANG_WARN_EMPTY_BODY = YES;
				CLANG_WARN_ENUM_CONVERSION = YES;
				CLANG_WARN_INFINITE_RECURSION = YES;
				CLANG_WARN_INT_CONVERSION = YES;
				CLANG_WARN_NON_LITERAL_NULL_CONVERSION = YES;
				CLANG_WARN_OBJC_LITERAL_CONVERSION = YES;
				CLANG_WARN_OBJC_ROOT_CLASS = YES_ERROR;
				CLANG_WARN_RANGE_LOOP_ANALYSIS = YES;
				CLANG_WARN_STRICT_PROTOTYPES = YES;
				CLANG_WARN_SUSPICIOUS_MOVE = YES;
				CLANG_WARN_UNGUARDED_AVAILABILITY = YES_AGGRESSIVE;
				CLANG_WARN_UNREACHABLE_CODE = YES;
				CLANG_WARN__DUPLICATE_METHOD_MATCH = YES;
				CODE_SIGN_IDENTITY = "iPhone Developer";
				COPY_PHASE_STRIP = NO;
				DEBUG_INFORMATION_FORMAT = dwarf;
				ENABLE_STRICT_OBJC_MSGSEND = YES;
				ENABLE_TESTABILITY = YES;
				GCC_C_LANGUAGE_STANDARD = gnu11;
				GCC_DYNAMIC_NO_PIC = NO;
				GCC_NO_COMMON_BLOCKS = YES;
				GCC_OPTIMIZATION_LEVEL = 0;
				GCC_PREPROCESSOR_DEFINITIONS = (
					"DEBUG=1",
					"$(inherited)",
				);
				GCC_WARN_64_TO_32_BIT_CONVERSION = YES;
				GCC_WARN_ABOUT_RETURN_TYPE = YES_ERROR;
				GCC_WARN_UNDECLARED_SELECTOR = YES;
				GCC_WARN_UNINITIALIZED_AUTOS = YES_AGGRESSIVE;
				GCC_WARN_UNUSED_FUNCTION = YES;
				GCC_WARN_UNUSED_VARIABLE = YES;
				IPHONEOS_DEPLOYMENT_TARGET = 11.2;
				MTL_ENABLE_DEBUG_INFO = YES;
				ONLY_ACTIVE_ARCH = YES;
				SDKROOT = iphoneos;
				SWIFT_ACTIVE_COMPILATION_CONDITIONS = DEBUG;
				SWIFT_OPTIMIZATION_LEVEL = "-Onone";
			};
			name = Debug;
		};
		3BD946661FD5BF6800AF4308 /* Release */ = {
			isa = XCBuildConfiguration;
			buildSettings = {
				ALWAYS_SEARCH_USER_PATHS = NO;
				CLANG_ANALYZER_NONNULL = YES;
				CLANG_ANALYZER_NUMBER_OBJECT_CONVERSION = YES_AGGRESSIVE;
				CLANG_CXX_LANGUAGE_STANDARD = "gnu++14";
				CLANG_CXX_LIBRARY = "libc++";
				CLANG_ENABLE_MODULES = YES;
				CLANG_ENABLE_OBJC_ARC = YES;
				CLANG_WARN_BLOCK_CAPTURE_AUTORELEASING = YES;
				CLANG_WARN_BOOL_CONVERSION = YES;
				CLANG_WARN_COMMA = YES;
				CLANG_WARN_CONSTANT_CONVERSION = YES;
				CLANG_WARN_DIRECT_OBJC_ISA_USAGE = YES_ERROR;
				CLANG_WARN_DOCUMENTATION_COMMENTS = YES;
				CLANG_WARN_EMPTY_BODY = YES;
				CLANG_WARN_ENUM_CONVERSION = YES;
				CLANG_WARN_INFINITE_RECURSION = YES;
				CLANG_WARN_INT_CONVERSION = YES;
				CLANG_WARN_NON_LITERAL_NULL_CONVERSION = YES;
				CLANG_WARN_OBJC_LITERAL_CONVERSION = YES;
				CLANG_WARN_OBJC_ROOT_CLASS = YES_ERROR;
				CLANG_WARN_RANGE_LOOP_ANALYSIS = YES;
				CLANG_WARN_STRICT_PROTOTYPES = YES;
				CLANG_WARN_SUSPICIOUS_MOVE = YES;
				CLANG_WARN_UNGUARDED_AVAILABILITY = YES_AGGRESSIVE;
				CLANG_WARN_UNREACHABLE_CODE = YES;
				CLANG_WARN__DUPLICATE_METHOD_MATCH = YES;
				CODE_SIGN_IDENTITY = "iPhone Developer";
				COPY_PHASE_STRIP = NO;
				DEBUG_INFORMATION_FORMAT = "dwarf-with-dsym";
				ENABLE_NS_ASSERTIONS = NO;
				ENABLE_STRICT_OBJC_MSGSEND = YES;
				GCC_C_LANGUAGE_STANDARD = gnu11;
				GCC_NO_COMMON_BLOCKS = YES;
				GCC_WARN_64_TO_32_BIT_CONVERSION = YES;
				GCC_WARN_ABOUT_RETURN_TYPE = YES_ERROR;
				GCC_WARN_UNDECLARED_SELECTOR = YES;
				GCC_WARN_UNINITIALIZED_AUTOS = YES_AGGRESSIVE;
				GCC_WARN_UNUSED_FUNCTION = YES;
				GCC_WARN_UNUSED_VARIABLE = YES;
				IPHONEOS_DEPLOYMENT_TARGET = 11.2;
				MTL_ENABLE_DEBUG_INFO = NO;
				SDKROOT = iphoneos;
				SWIFT_OPTIMIZATION_LEVEL = "-Owholemodule";
				VALIDATE_PRODUCT = YES;
			};
			name = Release;
		};
		3BD946681FD5BF6800AF4308 /* Debug */ = {
			isa = XCBuildConfiguration;
			buildSettings = {
				ASSETCATALOG_COMPILER_APPICON_NAME = AppIcon;
				CODE_SIGN_STYLE = Automatic;
				DEVELOPMENT_TEAM = VP93YUY9BE;
				INFOPLIST_FILE = "CollectionView-171204/Info.plist";
				LD_RUNPATH_SEARCH_PATHS = "$(inherited) @executable_path/Frameworks";
				PRODUCT_BUNDLE_IDENTIFIER = "com.myswift4.CollectionView-171204";
				PRODUCT_NAME = "$(TARGET_NAME)";
				SWIFT_VERSION = 4.0;
				TARGETED_DEVICE_FAMILY = "1,2";
			};
			name = Debug;
		};
		3BD946691FD5BF6800AF4308 /* Release */ = {
			isa = XCBuildConfiguration;
			buildSettings = {
				ASSETCATALOG_COMPILER_APPICON_NAME = AppIcon;
				CODE_SIGN_STYLE = Automatic;
				DEVELOPMENT_TEAM = VP93YUY9BE;
				INFOPLIST_FILE = "CollectionView-171204/Info.plist";
				LD_RUNPATH_SEARCH_PATHS = "$(inherited) @executable_path/Frameworks";
				PRODUCT_BUNDLE_IDENTIFIER = "com.myswift4.CollectionView-171204";
				PRODUCT_NAME = "$(TARGET_NAME)";
				SWIFT_VERSION = 4.0;
				TARGETED_DEVICE_FAMILY = "1,2";
			};
			name = Release;
		};
/* End XCBuildConfiguration section */

/* Begin XCConfigurationList section */
		3BD946501FD5BF6800AF4308 /* Build configuration list for PBXProject "CollectionView-171204" */ = {
			isa = XCConfigurationList;
			buildConfigurations = (
				3BD946651FD5BF6800AF4308 /* Debug */,
				3BD946661FD5BF6800AF4308 /* Release */,
			);
			defaultConfigurationIsVisible = 0;
			defaultConfigurationName = Release;
		};
		3BD946671FD5BF6800AF4308 /* Build configuration list for PBXNativeTarget "CollectionView-171204" */ = {
			isa = XCConfigurationList;
			buildConfigurations = (
				3BD946681FD5BF6800AF4308 /* Debug */,
				3BD946691FD5BF6800AF4308 /* Release */,
			);
			defaultConfigurationIsVisible = 0;
			defaultConfigurationName = Release;
		};
/* End XCConfigurationList section */
	};
	rootObject = 3BD9464D1FD5BF6800AF4308 /* Project object */;
}
